<Solution>
  <Project Path="ECommerce.API/ECommerce.API.csproj" />
  <Project Path="ECommerce.Business/ECommerce.Business.csproj" />
  <Project Path="ECommerce.DataAccess/ECommerce.DataAccess.csproj" />
  <Project Path="ECommerce.Domain/ECommerce.Domain.csproj" />
  <Project Path="ECommerce.Tests/ECommerce.Tests.csproj" />
</Solution>
